
Microsoft Visual Studio Solution File, Format Version 12.00
# Visual Studio Version 16
VisualStudioVersion = 16.0.30114.105
MinimumVisualStudioVersion = 10.0.40219.1
Project("{FAE04EC0-301F-11D3-BF4B-00C04F79EFBC}") = "QueryBuilder", "QueryBuilder\QueryBuilder.csproj", "{506F2605-9F26-453C-A716-22DD9750A78E}"
EndProject
Project("{FAE04EC0-301F-11D3-BF4B-00C04F79EFBC}") = "QueryBuilder.Test", "QueryBuilder.Test\QueryBuilder.Test.csproj", "{99E199B9-CEE4-4EC0-B68F-45495171CAB2}"
EndProject
Global
	GlobalSection(SolutionConfigurationPlatforms) = preSolution
		Debug|Any CPU = Debug|Any CPU
		Release|Any CPU = Release|Any CPU
	EndGlobalSection
	GlobalSection(SolutionProperties) = preSolution
		HideSolutionNode = FALSE
	EndGlobalSection
	GlobalSection(ProjectConfigurationPlatforms) = postSolution
		{506F2605-9F26-453C-A716-22DD9750A78E}.Debug|Any CPU.ActiveCfg = Debug|Any CPU
		{506F2605-9F26-453C-A716-22DD9750A78E}.Debug|Any CPU.Build.0 = Debug|Any CPU
		{506F2605-9F26-453C-A716-22DD9750A78E}.Release|Any CPU.ActiveCfg = Release|Any CPU
		{506F2605-9F26-453C-A716-22DD9750A78E}.Release|Any CPU.Build.0 = Release|Any CPU
		{99E199B9-CEE4-4EC0-B68F-45495171CAB2}.Debug|Any CPU.ActiveCfg = Debug|Any CPU
		{99E199B9-CEE4-4EC0-B68F-45495171CAB2}.Debug|Any CPU.Build.0 = Debug|Any CPU
		{99E199B9-CEE4-4EC0-B68F-45495171CAB2}.Release|Any CPU.ActiveCfg = Release|Any CPU
		{99E199B9-CEE4-4EC0-B68F-45495171CAB2}.Release|Any CPU.Build.0 = Release|Any CPU
	EndGlobalSection
EndGlobal
